# This file is generated by running "yarn install" inside your project.
# Manual changes might be lost - proceed with caution!

__metadata:
  version: 6
  cacheKey: 8

"fast-check@npm:^3.3.0":
  version: 3.3.0
  resolution: "fast-check@npm:3.3.0"
  dependencies:
    pure-rand: ^5.0.2
  checksum: 94767971594dd9eebeaa6897b3937a5a7d96abb7ab249f6cb7fb2115ad7ac9d6a5709501f7e57086bd35806669bddc7f420f247d66aa23c9c66ddda7268b2b23
  languageName: node
  linkType: hard

"pure-rand@^5.0.2, pure-rand@workspace:.":
  version: 0.0.0-use.local
  resolution: "pure-rand@workspace:."
  dependencies:
    fast-check: ^3.3.0
  languageName: unknown
  linkType: soft
